<?xml version="1.0" encoding="utf-8"?>
<Project ToolsVersion="4.0" xmlns="http://schemas.microsoft.com/developer/msbuild/2003">
  <ItemGroup>
    <Filter Include="源文件">
      <UniqueIdentifier>{4FC737F1-C7A5-4376-A066-2A32D752A2FF}</UniqueIdentifier>
      <Extensions>cpp;c;cc;cxx;def;odl;idl;hpj;bat;asm;asmx</Extensions>
    </Filter>
    <Filter Include="头文件">
      <UniqueIdentifier>{93995380-89BD-4b04-88EB-625FBE52EBFB}</UniqueIdentifier>
      <Extensions>h;hh;hpp;hxx;hm;inl;inc;xsd</Extensions>
    </Filter>
    <Filter Include="资源文件">
      <UniqueIdentifier>{67DA6AB6-F800-4c08-8B7A-83BB121AAD01}</UniqueIdentifier>
      <Extensions>rc;ico;cur;bmp;dlg;rc2;rct;bin;rgs;gif;jpg;jpeg;jpe;resx;tiff;tif;png;wav;mfcribbon-ms</Extensions>
    </Filter>
    <Filter Include="nim_tools">
      <UniqueIdentifier>{135c641f-13c0-4194-b49a-6131e056b68d}</UniqueIdentifier>
    </Filter>
    <Filter Include="nim_tools\http">
      <UniqueIdentifier>{66e54b50-2b6b-4f21-bee9-699dfae267bb}</UniqueIdentifier>
    </Filter>
    <Filter Include="nim_tools\audio">
      <UniqueIdentifier>{8388ea51-23a5-486a-8a63-b358a08902b3}</UniqueIdentifier>
    </Filter>
  </ItemGroup>
  <ItemGroup>
    <Text Include="ReadMe.txt" />
  </ItemGroup>
  <ItemGroup>
    <ClInclude Include="stdafx.h">
      <Filter>头文件</Filter>
    </ClInclude>
    <ClInclude Include="targetver.h">
      <Filter>头文件</Filter>
    </ClInclude>
    <ClInclude Include="Resource.h">
      <Filter>头文件</Filter>
    </ClInclude>
    <ClInclude Include="win32.h">
      <Filter>头文件</Filter>
    </ClInclude>
    <ClInclude Include="..\nim_tools_cpp_sdk\nim_http_cpp\nim_tools_http_cpp.h">
      <Filter>nim_tools\http</Filter>
    </ClInclude>
    <ClInclude Include="..\nim_tools_cpp_sdk\nim_audio_cpp\nim_audio_cpp.h">
      <Filter>nim_tools\audio</Filter>
    </ClInclude>
  </ItemGroup>
  <ItemGroup>
    <ClCompile Include="stdafx.cpp">
      <Filter>源文件</Filter>
    </ClCompile>
    <ClCompile Include="win32.cpp">
      <Filter>源文件</Filter>
    </ClCompile>
    <ClCompile Include="..\nim_tools_cpp_sdk\nim_http_cpp\nim_tools_http_cpp.cpp">
      <Filter>nim_tools\http</Filter>
    </ClCompile>
    <ClCompile Include="..\nim_tools_cpp_sdk\nim_audio_cpp\nim_audio_cpp.cpp">
      <Filter>nim_tools\audio</Filter>
    </ClCompile>
  </ItemGroup>
  <ItemGroup>
    <ResourceCompile Include="win32.rc">
      <Filter>资源文件</Filter>
    </ResourceCompile>
  </ItemGroup>
  <ItemGroup>
    <Image Include="small.ico">
      <Filter>资源文件</Filter>
    </Image>
    <Image Include="win32.ico">
      <Filter>资源文件</Filter>
    </Image>
  </ItemGroup>
</Project>