
Microsoft Visual Studio Solution File, Format Version 12.00
# Visual Studio 2013
VisualStudioVersion = 12.0.40629.0
MinimumVisualStudioVersion = 10.0.40219.1
Project("{8BC9CEB8-8B4A-11D0-8D11-00A0C91BC942}") = "qt_58_vs2013_demo", "qt_58_vs2013_demo.vcxproj", "{6FE6C618-D3C6-3994-8241-D87DF577352A}"
EndProject
Project("{8BC9CEB8-8B4A-11D0-8D11-00A0C91BC942}") = "nim_chatroom_cpp_sdk", "..\nim_chatroom_cpp\nim_chatroom_sdk_cpp_lib_vs2013.vcxproj", "{4E160034-22BB-4919-88FA-1260AFA7399D}"
EndProject
Project("{8BC9CEB8-8B4A-11D0-8D11-00A0C91BC942}") = "nim_sdk_cpp_lib", "..\nim_sdk_cpp\nim_sdk_cpp_lib_vs2013.vcxproj", "{5FD9F558-E4A8-4353-8B78-11B62269CEC8}"
EndProject
Global
	GlobalSection(SolutionConfigurationPlatforms) = preSolution
		Debug|Win32 = Debug|Win32
		Debug|x64 = Debug|x64
		Release|Win32 = Release|Win32
		Release|x64 = Release|x64
	EndGlobalSection
	GlobalSection(ProjectConfigurationPlatforms) = postSolution
		{6FE6C618-D3C6-3994-8241-D87DF577352A}.Debug|Win32.ActiveCfg = Debug|Win32
		{6FE6C618-D3C6-3994-8241-D87DF577352A}.Debug|Win32.Build.0 = Debug|Win32
		{6FE6C618-D3C6-3994-8241-D87DF577352A}.Debug|x64.ActiveCfg = Debug|Win32
		{6FE6C618-D3C6-3994-8241-D87DF577352A}.Release|Win32.ActiveCfg = Release|Win32
		{6FE6C618-D3C6-3994-8241-D87DF577352A}.Release|Win32.Build.0 = Release|Win32
		{6FE6C618-D3C6-3994-8241-D87DF577352A}.Release|x64.ActiveCfg = Release|Win32
		{4E160034-22BB-4919-88FA-1260AFA7399D}.Debug|Win32.ActiveCfg = Debug|Win32
		{4E160034-22BB-4919-88FA-1260AFA7399D}.Debug|Win32.Build.0 = Debug|Win32
		{4E160034-22BB-4919-88FA-1260AFA7399D}.Debug|x64.ActiveCfg = Debug|x64
		{4E160034-22BB-4919-88FA-1260AFA7399D}.Debug|x64.Build.0 = Debug|x64
		{4E160034-22BB-4919-88FA-1260AFA7399D}.Release|Win32.ActiveCfg = Release|Win32
		{4E160034-22BB-4919-88FA-1260AFA7399D}.Release|Win32.Build.0 = Release|Win32
		{4E160034-22BB-4919-88FA-1260AFA7399D}.Release|x64.ActiveCfg = Release|x64
		{4E160034-22BB-4919-88FA-1260AFA7399D}.Release|x64.Build.0 = Release|x64
		{5FD9F558-E4A8-4353-8B78-11B62269CEC8}.Debug|Win32.ActiveCfg = Debug|Win32
		{5FD9F558-E4A8-4353-8B78-11B62269CEC8}.Debug|Win32.Build.0 = Debug|Win32
		{5FD9F558-E4A8-4353-8B78-11B62269CEC8}.Debug|x64.ActiveCfg = Debug|x64
		{5FD9F558-E4A8-4353-8B78-11B62269CEC8}.Debug|x64.Build.0 = Debug|x64
		{5FD9F558-E4A8-4353-8B78-11B62269CEC8}.Release|Win32.ActiveCfg = Release|Win32
		{5FD9F558-E4A8-4353-8B78-11B62269CEC8}.Release|Win32.Build.0 = Release|Win32
		{5FD9F558-E4A8-4353-8B78-11B62269CEC8}.Release|x64.ActiveCfg = Release|x64
		{5FD9F558-E4A8-4353-8B78-11B62269CEC8}.Release|x64.Build.0 = Release|x64
	EndGlobalSection
	GlobalSection(SolutionProperties) = preSolution
		HideSolutionNode = FALSE
	EndGlobalSection
EndGlobal
